
Microsoft Visual Studio Solution File, Format Version 12.00
# Visual Studio 14
VisualStudioVersion = 14.0.23107.0
MinimumVisualStudioVersion = 10.0.40219.1
Project("{FAE04EC0-301F-11D3-BF4B-00C04F79EFBC}") = "TypedActorFramework", "TypedActorFramework\TypedActorFramework.csproj", "{2464F9F7-085A-4536-9C1F-20C30D80A5FF}"
EndProject
Project("{FAE04EC0-301F-11D3-BF4B-00C04F79EFBC}") = "TypedActorInterface", "TypedActorInterface\TypedActorInterface.csproj", "{8E2F7F58-1BE2-47A1-BD55-A73F22C4BFB9}"
EndProject
Project("{FAE04EC0-301F-11D3-BF4B-00C04F79EFBC}") = "Example", "Example\Example.csproj", "{F3F11801-CEE3-47E0-B6F7-E8B209700207}"
EndProject
Project("{FAE04EC0-301F-11D3-BF4B-00C04F79EFBC}") = "ActorFramework", "ActorFramework\ActorFramework.csproj", "{8F1B0FDF-57D5-463C-B846-D05CA44E49B3}"
EndProject
Project("{FAE04EC0-301F-11D3-BF4B-00C04F79EFBC}") = "ActorInterface", "ActorInterface\ActorInterface.csproj", "{75810608-D2F1-4431-B827-DEF01C020DA5}"
EndProject
Project("{FAE04EC0-301F-11D3-BF4B-00C04F79EFBC}") = "ActorTestingFramework", "ActorTestingFramework\ActorTestingFramework.csproj", "{40F65E6E-D9B2-4874-BBB3-06EECA23C845}"
EndProject
Project("{FAE04EC0-301F-11D3-BF4B-00C04F79EFBC}") = "ActorHelpers", "ActorHelpers\ActorHelpers.csproj", "{085834C6-62F8-43CB-BE34-D16F10EF85D1}"
EndProject
Project("{FAE04EC0-301F-11D3-BF4B-00C04F79EFBC}") = "FailureDetectorExample", "FailureDetectorExample\FailureDetectorExample.csproj", "{ED3F1CA4-0DC5-4B01-99E6-96F3D4FFF208}"
EndProject
Project("{FAE04EC0-301F-11D3-BF4B-00C04F79EFBC}") = "FailureDetector2", "FailureDetector2\FailureDetector2.csproj", "{B8DADA72-7C72-4CA1-B64F-0923E9744222}"
EndProject
Global
	GlobalSection(SolutionConfigurationPlatforms) = preSolution
		Debug|Any CPU = Debug|Any CPU
		Release|Any CPU = Release|Any CPU
	EndGlobalSection
	GlobalSection(ProjectConfigurationPlatforms) = postSolution
		{2464F9F7-085A-4536-9C1F-20C30D80A5FF}.Debug|Any CPU.ActiveCfg = Debug|Any CPU
		{2464F9F7-085A-4536-9C1F-20C30D80A5FF}.Debug|Any CPU.Build.0 = Debug|Any CPU
		{2464F9F7-085A-4536-9C1F-20C30D80A5FF}.Release|Any CPU.ActiveCfg = Release|Any CPU
		{2464F9F7-085A-4536-9C1F-20C30D80A5FF}.Release|Any CPU.Build.0 = Release|Any CPU
		{8E2F7F58-1BE2-47A1-BD55-A73F22C4BFB9}.Debug|Any CPU.ActiveCfg = Debug|Any CPU
		{8E2F7F58-1BE2-47A1-BD55-A73F22C4BFB9}.Debug|Any CPU.Build.0 = Debug|Any CPU
		{8E2F7F58-1BE2-47A1-BD55-A73F22C4BFB9}.Release|Any CPU.ActiveCfg = Release|Any CPU
		{8E2F7F58-1BE2-47A1-BD55-A73F22C4BFB9}.Release|Any CPU.Build.0 = Release|Any CPU
		{F3F11801-CEE3-47E0-B6F7-E8B209700207}.Debug|Any CPU.ActiveCfg = Debug|Any CPU
		{F3F11801-CEE3-47E0-B6F7-E8B209700207}.Debug|Any CPU.Build.0 = Debug|Any CPU
		{F3F11801-CEE3-47E0-B6F7-E8B209700207}.Release|Any CPU.ActiveCfg = Release|Any CPU
		{F3F11801-CEE3-47E0-B6F7-E8B209700207}.Release|Any CPU.Build.0 = Release|Any CPU
		{8F1B0FDF-57D5-463C-B846-D05CA44E49B3}.Debug|Any CPU.ActiveCfg = Debug|Any CPU
		{8F1B0FDF-57D5-463C-B846-D05CA44E49B3}.Debug|Any CPU.Build.0 = Debug|Any CPU
		{8F1B0FDF-57D5-463C-B846-D05CA44E49B3}.Release|Any CPU.ActiveCfg = Release|Any CPU
		{8F1B0FDF-57D5-463C-B846-D05CA44E49B3}.Release|Any CPU.Build.0 = Release|Any CPU
		{75810608-D2F1-4431-B827-DEF01C020DA5}.Debug|Any CPU.ActiveCfg = Debug|Any CPU
		{75810608-D2F1-4431-B827-DEF01C020DA5}.Debug|Any CPU.Build.0 = Debug|Any CPU
		{75810608-D2F1-4431-B827-DEF01C020DA5}.Release|Any CPU.ActiveCfg = Release|Any CPU
		{75810608-D2F1-4431-B827-DEF01C020DA5}.Release|Any CPU.Build.0 = Release|Any CPU
		{40F65E6E-D9B2-4874-BBB3-06EECA23C845}.Debug|Any CPU.ActiveCfg = Debug|Any CPU
		{40F65E6E-D9B2-4874-BBB3-06EECA23C845}.Debug|Any CPU.Build.0 = Debug|Any CPU
		{40F65E6E-D9B2-4874-BBB3-06EECA23C845}.Release|Any CPU.ActiveCfg = Release|Any CPU
		{40F65E6E-D9B2-4874-BBB3-06EECA23C845}.Release|Any CPU.Build.0 = Release|Any CPU
		{085834C6-62F8-43CB-BE34-D16F10EF85D1}.Debug|Any CPU.ActiveCfg = Debug|Any CPU
		{085834C6-62F8-43CB-BE34-D16F10EF85D1}.Debug|Any CPU.Build.0 = Debug|Any CPU
		{085834C6-62F8-43CB-BE34-D16F10EF85D1}.Release|Any CPU.ActiveCfg = Release|Any CPU
		{085834C6-62F8-43CB-BE34-D16F10EF85D1}.Release|Any CPU.Build.0 = Release|Any CPU
		{ED3F1CA4-0DC5-4B01-99E6-96F3D4FFF208}.Debug|Any CPU.ActiveCfg = Debug|Any CPU
		{ED3F1CA4-0DC5-4B01-99E6-96F3D4FFF208}.Debug|Any CPU.Build.0 = Debug|Any CPU
		{ED3F1CA4-0DC5-4B01-99E6-96F3D4FFF208}.Release|Any CPU.ActiveCfg = Release|Any CPU
		{ED3F1CA4-0DC5-4B01-99E6-96F3D4FFF208}.Release|Any CPU.Build.0 = Release|Any CPU
		{B8DADA72-7C72-4CA1-B64F-0923E9744222}.Debug|Any CPU.ActiveCfg = Debug|Any CPU
		{B8DADA72-7C72-4CA1-B64F-0923E9744222}.Debug|Any CPU.Build.0 = Debug|Any CPU
		{B8DADA72-7C72-4CA1-B64F-0923E9744222}.Release|Any CPU.ActiveCfg = Release|Any CPU
		{B8DADA72-7C72-4CA1-B64F-0923E9744222}.Release|Any CPU.Build.0 = Release|Any CPU
	EndGlobalSection
	GlobalSection(SolutionProperties) = preSolution
		HideSolutionNode = FALSE
	EndGlobalSection
EndGlobal
